
Microsoft Visual Studio Solution File, Format Version 12.00
# Visual Studio 15
VisualStudioVersion = 15.0.28307.902
MinimumVisualStudioVersion = 10.0.40219.1
Project("{FAE04EC0-301F-11D3-BF4B-00C04F79EFBC}") = "ApiForCRUD", "ApiForCRUD\ApiForCRUD.csproj", "{FFAE31FB-5E40-4278-AAB1-D5916EE16ADA}"
EndProject
Global
	GlobalSection(SolutionConfigurationPlatforms) = preSolution
		Debug|Any CPU = Debug|Any CPU
		Release|Any CPU = Release|Any CPU
	EndGlobalSection
	GlobalSection(ProjectConfigurationPlatforms) = postSolution
		{FFAE31FB-5E40-4278-AAB1-D5916EE16ADA}.Debug|Any CPU.ActiveCfg = Debug|Any CPU
		{FFAE31FB-5E40-4278-AAB1-D5916EE16ADA}.Debug|Any CPU.Build.0 = Debug|Any CPU
		{FFAE31FB-5E40-4278-AAB1-D5916EE16ADA}.Release|Any CPU.ActiveCfg = Release|Any CPU
		{FFAE31FB-5E40-4278-AAB1-D5916EE16ADA}.Release|Any CPU.Build.0 = Release|Any CPU
	EndGlobalSection
	GlobalSection(SolutionProperties) = preSolution
		HideSolutionNode = FALSE
	EndGlobalSection
	GlobalSection(ExtensibilityGlobals) = postSolution
		SolutionGuid = {24D7668E-5CA8-42AA-978E-46961AD47994}
	EndGlobalSection
EndGlobal
